{
  "name": "dawa-kort",
  "version": "0.1.21",
  "lockfileVersion": 1,
  "requires": true,
  "dependencies": {
    "dawa-util": {
      "version": "0.1.8",
      "resolved": "https://registry.npmjs.org/dawa-util/-/dawa-util-0.1.8.tgz",
      "integrity": "sha512-UFZcLIctPxULb6UmT8EFyVn10oDuPT9c/bXbRfF47Tg3Mw87c0XnkhqSOKhcKv8pvCUZ79uUdUvPmKbJhP/eoQ==",
      "requires": {
        "url-search-params": "0.7.1"
      }
    },
    "url-search-params": {
      "version": "0.7.1",
      "resolved": "https://registry.npmjs.org/url-search-params/-/url-search-params-0.7.1.tgz",
      "integrity": "sha512-KJrH8dZgOmKsgHF+BbtKIRMi4TVKUuW5GO+SD+5ugZsd+FPCoDk+uPhOakt1LdK2EVJ7/lqrvMcxGHPAwTDH9g=="
    }
  }
}
